
Microsoft Visual Studio Solution File, Format Version 11.00
# Visual Studio 2010
Project("{F184B08F-C81C-45F6-A57F-5ABD9991F28F}") = "IMSS Device Driver Manager", "IMSS Device Driver Manager\IMSS Device Driver Manager.vbproj", "{20C2407D-219B-4B9E-AE09-B9EB2E8C1122}"
EndProject
Global
	GlobalSection(SolutionConfigurationPlatforms) = preSolution
		Debug|x86 = Debug|x86
		Release|x86 = Release|x86
	EndGlobalSection
	GlobalSection(ProjectConfigurationPlatforms) = postSolution
		{20C2407D-219B-4B9E-AE09-B9EB2E8C1122}.Debug|x86.ActiveCfg = Debug|x86
		{20C2407D-219B-4B9E-AE09-B9EB2E8C1122}.Debug|x86.Build.0 = Debug|x86
		{20C2407D-219B-4B9E-AE09-B9EB2E8C1122}.Release|x86.ActiveCfg = Release|x86
		{20C2407D-219B-4B9E-AE09-B9EB2E8C1122}.Release|x86.Build.0 = Release|x86
	EndGlobalSection
	GlobalSection(SolutionProperties) = preSolution
		HideSolutionNode = FALSE
	EndGlobalSection
EndGlobal
